<?xml version="1.0" encoding="utf-8"?>
<Project ToolsVersion="4.0" xmlns="http://schemas.microsoft.com/developer/msbuild/2003">
  <ItemGroup>
    <Filter Include="Source Files">
      <UniqueIdentifier>{4FC737F1-C7A5-4376-A066-2A32D752A2FF}</UniqueIdentifier>
      <Extensions>cpp;c;cc;cxx;c++;cppm;ixx;def;odl;idl;hpj;bat;asm;asmx</Extensions>
    </Filter>
    <Filter Include="Resource Files">
      <UniqueIdentifier>{67DA6AB6-F800-4c08-8B7A-83BB121AAD01}</UniqueIdentifier>
      <Extensions>rc;ico;cur;bmp;dlg;rc2;rct;bin;rgs;gif;jpg;jpeg;jpe;resx;tiff;tif;png;wav;mfcribbon-ms</Extensions>
    </Filter>
  </ItemGroup>
  <ItemGroup>
    <ClCompile Include="source\main.cpp">
      <Filter>Source Files</Filter>
    </ClCompile>
    <ClCompile Include="source\player.cpp">
      <Filter>Source Files</Filter>
    </ClCompile>
    <ClCompile Include="source\scriptmanager.cpp">
      <Filter>Source Files</Filter>
    </ClCompile>
    <ClCompile Include="source\networkmanager.cpp">
      <Filter>Source Files</Filter>
    </ClCompile>
    <ClCompile Include="source\coloredstream.cpp">
      <Filter>Source Files</Filter>
    </ClCompile>
  </ItemGroup>
  <ItemGroup>
    <ClInclude Include="source\player.hpp">
      <Filter>Source Files</Filter>
    </ClInclude>
    <ClInclude Include="source\scriptmanager.hpp">
      <Filter>Source Files</Filter>
    </ClInclude>
    <ClInclude Include="source\enums.hpp">
      <Filter>Source Files</Filter>
    </ClInclude>
    <ClInclude Include="source\globals.hpp">
      <Filter>Source Files</Filter>
    </ClInclude>
    <ClInclude Include="source\pointbasedstat.hpp">
      <Filter>Source Files</Filter>
    </ClInclude>
    <ClInclude Include="source\creature.hpp">
      <Filter>Source Files</Filter>
    </ClInclude>
    <ClInclude Include="source\item.hpp">
      <Filter>Source Files</Filter>
    </ClInclude>
    <ClInclude Include="source\thing.hpp">
      <Filter>Source Files</Filter>
    </ClInclude>
    <ClInclude Include="source\monster.hpp">
      <Filter>Source Files</Filter>
    </ClInclude>
    <ClInclude Include="source\npc.hpp">
      <Filter>Source Files</Filter>
    </ClInclude>
    <ClInclude Include="source\networkmanager.hpp">
      <Filter>Source Files</Filter>
    </ClInclude>
    <ClInclude Include="source\networkcontroller.hpp">
      <Filter>Source Files</Filter>
    </ClInclude>
    <ClInclude Include="source\coloredstream.hpp">
      <Filter>Source Files</Filter>
    </ClInclude>
    <ClInclude Include="source\console.hpp">
      <Filter>Source Files</Filter>
    </ClInclude>
  </ItemGroup>
</Project>